// !$*UTF8*$!
{
	archiveVersion = 1;
	classes = {
	};
	objectVersion = 51;
	objects = {

/* Begin PBXBuildFile section */
		571951E82752B0F0008E8E27 /* FeedCell.swift in Sources */ = {isa = PBXBuildFile; fileRef = 571951E72752B0F0008E8E27 /* FeedCell.swift */; };
		57197BC5273EE2C30084F975 /* AppDelegate.swift in Sources */ = {isa = PBXBuildFile; fileRef = 57197BC4273EE2C30084F975 /* AppDelegate.swift */; };
		57197BC7273EE2C30084F975 /* SceneDelegate.swift in Sources */ = {isa = PBXBuildFile; fileRef = 57197BC6273EE2C30084F975 /* SceneDelegate.swift */; };
		57197BC9273EE2C30084F975 /* ViewController.swift in Sources */ = {isa = PBXBuildFile; fileRef = 57197BC8273EE2C30084F975 /* ViewController.swift */; };
		57197BCC273EE2C30084F975 /* Main.storyboard in Resources */ = {isa = PBXBuildFile; fileRef = 57197BCA273EE2C30084F975 /* Main.storyboard */; };
		57197BCE273EE2C30084F975 /* Assets.xcassets in Resources */ = {isa = PBXBuildFile; fileRef = 57197BCD273EE2C30084F975 /* Assets.xcassets */; };
		57197BD1273EE2C30084F975 /* LaunchScreen.storyboard in Resources */ = {isa = PBXBuildFile; fileRef = 57197BCF273EE2C30084F975 /* LaunchScreen.storyboard */; };
		57197BDA273EE5E40084F975 /* GoogleService-Info.plist in Resources */ = {isa = PBXBuildFile; fileRef = 57197BD9273EE5E40084F975 /* GoogleService-Info.plist */; };
		5721AE2427411CA200147CFE /* FeedViewController.swift in Sources */ = {isa = PBXBuildFile; fileRef = 5721AE2327411CA200147CFE /* FeedViewController.swift */; };
		5721AE2727411CB100147CFE /* UploadViewController.swift in Sources */ = {isa = PBXBuildFile; fileRef = 5721AE2627411CB100147CFE /* UploadViewController.swift */; };
		5721AE2A27411CC300147CFE /* SettingsViewController.swift in Sources */ = {isa = PBXBuildFile; fileRef = 5721AE2927411CC300147CFE /* SettingsViewController.swift */; };
		7BD4D7FCD26942EEAC7BE657 /* Pods_InstaCloneFirebase.framework in Frameworks */ = {isa = PBXBuildFile; fileRef = 302D3EE1836D961E0A87CC6B /* Pods_InstaCloneFirebase.framework */; };
/* End PBXBuildFile section */

/* Begin PBXFileReference section */
		302D3EE1836D961E0A87CC6B /* Pods_InstaCloneFirebase.framework */ = {isa = PBXFileReference; explicitFileType = wrapper.framework; includeInIndex = 0; path = Pods_InstaCloneFirebase.framework; sourceTree = BUILT_PRODUCTS_DIR; };
		571951E72752B0F0008E8E27 /* FeedCell.swift */ = {isa = PBXFileReference; lastKnownFileType = sourcecode.swift; path = FeedCell.swift; sourceTree = "<group>"; };
		57197BC1273EE2C30084F975 /* InstaCloneFirebase.app */ = {isa = PBXFileReference; explicitFileType = wrapper.application; includeInIndex = 0; path = InstaCloneFirebase.app; sourceTree = BUILT_PRODUCTS_DIR; };
		57197BC4273EE2C30084F975 /* AppDelegate.swift */ = {isa = PBXFileReference; lastKnownFileType = sourcecode.swift; path = AppDelegate.swift; sourceTree = "<group>"; };
		57197BC6273EE2C30084F975 /* SceneDelegate.swift */ = {isa = PBXFileReference; lastKnownFileType = sourcecode.swift; path = SceneDelegate.swift; sourceTree = "<group>"; };
		57197BC8273EE2C30084F975 /* ViewController.swift */ = {isa = PBXFileReference; lastKnownFileType = sourcecode.swift; path = ViewController.swift; sourceTree = "<group>"; };
		57197BCB273EE2C30084F975 /* Base */ = {isa = PBXFileReference; lastKnownFileType = file.storyboard; name = Base; path = Base.lproj/Main.storyboard; sourceTree = "<group>"; };
		57197BCD273EE2C30084F975 /* Assets.xcassets */ = {isa = PBXFileReference; lastKnownFileType = folder.assetcatalog; path = Assets.xcassets; sourceTree = "<group>"; };
		57197BD0273EE2C30084F975 /* Base */ = {isa = PBXFileReference; lastKnownFileType = file.storyboard; name = Base; path = Base.lproj/LaunchScreen.storyboard; sourceTree = "<group>"; };
		57197BD2273EE2C30084F975 /* Info.plist */ = {isa = PBXFileReference; lastKnownFileType = text.plist.xml; path = Info.plist; sourceTree = "<group>"; };
		57197BD9273EE5E40084F975 /* GoogleService-Info.plist */ = {isa = PBXFileReference; fileEncoding = 4; lastKnownFileType = text.plist.xml; path = "GoogleService-Info.plist"; sourceTree = "<group>"; };
		5721AE2327411CA200147CFE /* FeedViewController.swift */ = {isa = PBXFileReference; lastKnownFileType = sourcecode.swift; path = FeedViewController.swift; sourceTree = "<group>"; };
		5721AE2627411CB100147CFE /* UploadViewController.swift */ = {isa = PBXFileReference; lastKnownFileType = sourcecode.swift; path = UploadViewController.swift; sourceTree = "<group>"; };
		5721AE2927411CC300147CFE /* SettingsViewController.swift */ = {isa = PBXFileReference; lastKnownFileType = sourcecode.swift; path = SettingsViewController.swift; sourceTree = "<group>"; };
		CE54DB35B2E46EA7583F5893 /* Pods-InstaCloneFirebase.debug.xcconfig */ = {isa = PBXFileReference; includeInIndex = 1; lastKnownFileType = text.xcconfig; name = "Pods-InstaCloneFirebase.debug.xcconfig"; path = "Target Support Files/Pods-InstaCloneFirebase/Pods-InstaCloneFirebase.debug.xcconfig"; sourceTree = "<group>"; };
		CEBB2AED872E1F4644A2E8C6 /* Pods-InstaCloneFirebase.release.xcconfig */ = {isa = PBXFileReference; includeInIndex = 1; lastKnownFileType = text.xcconfig; name = "Pods-InstaCloneFirebase.release.xcconfig"; path = "Target Support Files/Pods-InstaCloneFirebase/Pods-InstaCloneFirebase.release.xcconfig"; sourceTree = "<group>"; };
/* End PBXFileReference section */

/* Begin PBXFrameworksBuildPhase section */
		57197BBE273EE2C20084F975 /* Frameworks */ = {
			isa = PBXFrameworksBuildPhase;
			buildActionMask = 2147483647;
			files = (
				7BD4D7FCD26942EEAC7BE657 /* Pods_InstaCloneFirebase.framework in Frameworks */,
			);
			runOnlyForDeploymentPostprocessing = 0;
		};
/* End PBXFrameworksBuildPhase section */

/* Begin PBXGroup section */
		57197BB8273EE2C20084F975 = {
			isa = PBXGroup;
			children = (
				57197BC3273EE2C30084F975 /* InstaCloneFirebase */,
				57197BC2273EE2C30084F975 /* Products */,
				7284960DA61BF09F258958FE /* Pods */,
				8F123188B8894A8104737E3A /* Frameworks */,
			);
			sourceTree = "<group>";
		};
		57197BC2273EE2C30084F975 /* Products */ = {
			isa = PBXGroup;
			children = (
				57197BC1273EE2C30084F975 /* InstaCloneFirebase.app */,
			);
			name = Products;
			sourceTree = "<group>";
		};
		57197BC3273EE2C30084F975 /* InstaCloneFirebase */ = {
			isa = PBXGroup;
			children = (
				57197BC4273EE2C30084F975 /* AppDelegate.swift */,
				57197BC6273EE2C30084F975 /* SceneDelegate.swift */,
				57197BC8273EE2C30084F975 /* ViewController.swift */,
				57197BCA273EE2C30084F975 /* Main.storyboard */,
				57197BCD273EE2C30084F975 /* Assets.xcassets */,
				57197BCF273EE2C30084F975 /* LaunchScreen.storyboard */,
				57197BD2273EE2C30084F975 /* Info.plist */,
				57197BD9273EE5E40084F975 /* GoogleService-Info.plist */,
				5721AE2327411CA200147CFE /* FeedViewController.swift */,
				5721AE2627411CB100147CFE /* UploadViewController.swift */,
				5721AE2927411CC300147CFE /* SettingsViewController.swift */,
				571951E72752B0F0008E8E27 /* FeedCell.swift */,
			);
			path = InstaCloneFirebase;
			sourceTree = "<group>";
		};
		7284960DA61BF09F258958FE /* Pods */ = {
			isa = PBXGroup;
			children = (
				CE54DB35B2E46EA7583F5893 /* Pods-InstaCloneFirebase.debug.xcconfig */,
				CEBB2AED872E1F4644A2E8C6 /* Pods-InstaCloneFirebase.release.xcconfig */,
			);
			path = Pods;
			sourceTree = "<group>";
		};
		8F123188B8894A8104737E3A /* Frameworks */ = {
			isa = PBXGroup;
			children = (
				302D3EE1836D961E0A87CC6B /* Pods_InstaCloneFirebase.framework */,
			);
			name = Frameworks;
			sourceTree = "<group>";
		};
/* End PBXGroup section */

/* Begin PBXNativeTarget section */
		57197BC0273EE2C20084F975 /* InstaCloneFirebase */ = {
			isa = PBXNativeTarget;
			buildConfigurationList = 57197BD5273EE2C30084F975 /* Build configuration list for PBXNativeTarget "InstaCloneFirebase" */;
			buildPhases = (
				9B3D1F745228734D77171ED9 /* [CP] Check Pods Manifest.lock */,
				57197BBD273EE2C20084F975 /* Sources */,
				57197BBE273EE2C20084F975 /* Frameworks */,
				57197BBF273EE2C20084F975 /* Resources */,
				89A9BBC9C49771AB5DE32271 /* [CP] Embed Pods Frameworks */,
			);
			buildRules = (
			);
			dependencies = (
			);
			name = InstaCloneFirebase;
			productName = InstaCloneFirebase;
			productReference = 57197BC1273EE2C30084F975 /* InstaCloneFirebase.app */;
			productType = "com.apple.product-type.application";
		};
/* End PBXNativeTarget section */

/* Begin PBXProject section */
		57197BB9273EE2C20084F975 /* Project object */ = {
			isa = PBXProject;
			attributes = {
				LastSwiftUpdateCheck = 1220;
				LastUpgradeCheck = 1220;
				TargetAttributes = {
					57197BC0273EE2C20084F975 = {
						CreatedOnToolsVersion = 12.2;
					};
				};
			};
			buildConfigurationList = 57197BBC273EE2C20084F975 /* Build configuration list for PBXProject "InstaCloneFirebase" */;
			compatibilityVersion = "Xcode 9.3";
			developmentRegion = en;
			hasScannedForEncodings = 0;
			knownRegions = (
				en,
				Base,
			);
			mainGroup = 57197BB8273EE2C20084F975;
			productRefGroup = 57197BC2273EE2C30084F975 /* Products */;
			projectDirPath = "";
			projectRoot = "";
			targets = (
				57197BC0273EE2C20084F975 /* InstaCloneFirebase */,
			);
		};
/* End PBXProject section */

/* Begin PBXResourcesBuildPhase section */
		57197BBF273EE2C20084F975 /* Resources */ = {
			isa = PBXResourcesBuildPhase;
			buildActionMask = 2147483647;
			files = (
				57197BD1273EE2C30084F975 /* LaunchScreen.storyboard in Resources */,
				57197BDA273EE5E40084F975 /* GoogleService-Info.plist in Resources */,
				57197BCE273EE2C30084F975 /* Assets.xcassets in Resources */,
				57197BCC273EE2C30084F975 /* Main.storyboard in Resources */,
			);
			runOnlyForDeploymentPostprocessing = 0;
		};
/* End PBXResourcesBuildPhase section */

/* Begin PBXShellScriptBuildPhase section */
		89A9BBC9C49771AB5DE32271 /* [CP] Embed Pods Frameworks */ = {
			isa = PBXShellScriptBuildPhase;
			buildActionMask = 2147483647;
			files = (
			);
			inputFileListPaths = (
				"${PODS_ROOT}/Target Support Files/Pods-InstaCloneFirebase/Pods-InstaCloneFirebase-frameworks-${CONFIGURATION}-input-files.xcfilelist",
			);
			name = "[CP] Embed Pods Frameworks";
			outputFileListPaths = (
				"${PODS_ROOT}/Target Support Files/Pods-InstaCloneFirebase/Pods-InstaCloneFirebase-frameworks-${CONFIGURATION}-output-files.xcfilelist",
			);
			runOnlyForDeploymentPostprocessing = 0;
			shellPath = /bin/sh;
			shellScript = "\"${PODS_ROOT}/Target Support Files/Pods-InstaCloneFirebase/Pods-InstaCloneFirebase-frameworks.sh\"\n";
			showEnvVarsInLog = 0;
		};
		9B3D1F745228734D77171ED9 /* [CP] Check Pods Manifest.lock */ = {
			isa = PBXShellScriptBuildPhase;
			buildActionMask = 2147483647;
			files = (
			);
			inputFileListPaths = (
			);
			inputPaths = (
				"${PODS_PODFILE_DIR_PATH}/Podfile.lock",
				"${PODS_ROOT}/Manifest.lock",
			);
			name = "[CP] Check Pods Manifest.lock";
			outputFileListPaths = (
			);
			outputPaths = (
				"$(DERIVED_FILE_DIR)/Pods-InstaCloneFirebase-checkManifestLockResult.txt",
			);
			runOnlyForDeploymentPostprocessing = 0;
			shellPath = /bin/sh;
			shellScript = "diff \"${PODS_PODFILE_DIR_PATH}/Podfile.lock\" \"${PODS_ROOT}/Manifest.lock\" > /dev/null\nif [ $? != 0 ] ; then\n    # print error to STDERR\n    echo \"error: The sandbox is not in sync with the Podfile.lock. Run 'pod install' or update your CocoaPods installation.\" >&2\n    exit 1\nfi\n# This output is used by Xcode 'outputs' to avoid re-running this script phase.\necho \"SUCCESS\" > \"${SCRIPT_OUTPUT_FILE_0}\"\n";
			showEnvVarsInLog = 0;
		};
/* End PBXShellScriptBuildPhase section */

/* Begin PBXSourcesBuildPhase section */
		57197BBD273EE2C20084F975 /* Sources */ = {
			isa = PBXSourcesBuildPhase;
			buildActionMask = 2147483647;
			files = (
				571951E82752B0F0008E8E27 /* FeedCell.swift in Sources */,
				57197BC9273EE2C30084F975 /* ViewController.swift in Sources */,
				5721AE2727411CB100147CFE /* UploadViewController.swift in Sources */,
				57197BC5273EE2C30084F975 /* AppDelegate.swift in Sources */,
				5721AE2427411CA200147CFE /* FeedViewController.swift in Sources */,
				57197BC7273EE2C30084F975 /* SceneDelegate.swift in Sources */,
				5721AE2A27411CC300147CFE /* SettingsViewController.swift in Sources */,
			);
			runOnlyForDeploymentPostprocessing = 0;
		};
/* End PBXSourcesBuildPhase section */

/* Begin PBXVariantGroup section */
		57197BCA273EE2C30084F975 /* Main.storyboard */ = {
			isa = PBXVariantGroup;
			children = (
				57197BCB273EE2C30084F975 /* Base */,
			);
			name = Main.storyboard;
			sourceTree = "<group>";
		};
		57197BCF273EE2C30084F975 /* LaunchScreen.storyboard */ = {
			isa = PBXVariantGroup;
			children = (
				57197BD0273EE2C30084F975 /* Base */,
			);
			name = LaunchScreen.storyboard;
			sourceTree = "<group>";
		};
/* End PBXVariantGroup section */

/* Begin XCBuildConfiguration section */
		57197BD3273EE2C30084F975 /* Debug */ = {
			isa = XCBuildConfiguration;
			buildSettings = {
				ALWAYS_SEARCH_USER_PATHS = NO;
				CLANG_ANALYZER_NONNULL = YES;
				CLANG_ANALYZER_NUMBER_OBJECT_CONVERSION = YES_AGGRESSIVE;
				CLANG_CXX_LANGUAGE_STANDARD = "gnu++14";
				CLANG_CXX_LIBRARY = "libc++";
				CLANG_ENABLE_MODULES = YES;
				CLANG_ENABLE_OBJC_ARC = YES;
				CLANG_ENABLE_OBJC_WEAK = YES;
				CLANG_WARN_BLOCK_CAPTURE_AUTORELEASING = YES;
				CLANG_WARN_BOOL_CONVERSION = YES;
				CLANG_WARN_COMMA = YES;
				CLANG_WARN_CONSTANT_CONVERSION = YES;
				CLANG_WARN_DEPRECATED_OBJC_IMPLEMENTATIONS = YES;
				CLANG_WARN_DIRECT_OBJC_ISA_USAGE = YES_ERROR;
				CLANG_WARN_DOCUMENTATION_COMMENTS = YES;
				CLANG_WARN_EMPTY_BODY = YES;
				CLANG_WARN_ENUM_CONVERSION = YES;
				CLANG_WARN_INFINITE_RECURSION = YES;
				CLANG_WARN_INT_CONVERSION = YES;
				CLANG_WARN_NON_LITERAL_NULL_CONVERSION = YES;
				CLANG_WARN_OBJC_IMPLICIT_RETAIN_SELF = YES;
				CLANG_WARN_OBJC_LITERAL_CONVERSION = YES;
				CLANG_WARN_OBJC_ROOT_CLASS = YES_ERROR;
				CLANG_WARN_QUOTED_INCLUDE_IN_FRAMEWORK_HEADER = YES;
				CLANG_WARN_RANGE_LOOP_ANALYSIS = YES;
				CLANG_WARN_STRICT_PROTOTYPES = YES;
				CLANG_WARN_SUSPICIOUS_MOVE = YES;
				CLANG_WARN_UNGUARDED_AVAILABILITY = YES_AGGRESSIVE;
				CLANG_WARN_UNREACHABLE_CODE = YES;
				CLANG_WARN__DUPLICATE_METHOD_MATCH = YES;
				COPY_PHASE_STRIP = NO;
				DEBUG_INFORMATION_FORMAT = dwarf;
				ENABLE_STRICT_OBJC_MSGSEND = YES;
				ENABLE_TESTABILITY = YES;
				GCC_C_LANGUAGE_STANDARD = gnu11;
				GCC_DYNAMIC_NO_PIC = NO;
				GCC_NO_COMMON_BLOCKS = YES;
				GCC_OPTIMIZATION_LEVEL = 0;
				GCC_PREPROCESSOR_DEFINITIONS = (
					"DEBUG=1",
					"$(inherited)",
				);
				GCC_WARN_64_TO_32_BIT_CONVERSION = YES;
				GCC_WARN_ABOUT_RETURN_TYPE = YES_ERROR;
				GCC_WARN_UNDECLARED_SELECTOR = YES;
				GCC_WARN_UNINITIALIZED_AUTOS = YES_AGGRESSIVE;
				GCC_WARN_UNUSED_FUNCTION = YES;
				GCC_WARN_UNUSED_VARIABLE = YES;
				IPHONEOS_DEPLOYMENT_TARGET = 14.2;
				MTL_ENABLE_DEBUG_INFO = INCLUDE_SOURCE;
				MTL_FAST_MATH = YES;
				ONLY_ACTIVE_ARCH = YES;
				SDKROOT = iphoneos;
				SWIFT_ACTIVE_COMPILATION_CONDITIONS = DEBUG;
				SWIFT_OPTIMIZATION_LEVEL = "-Onone";
			};
			name = Debug;
		};
		57197BD4273EE2C30084F975 /* Release */ = {
			isa = XCBuildConfiguration;
			buildSettings = {
				ALWAYS_SEARCH_USER_PATHS = NO;
				CLANG_ANALYZER_NONNULL = YES;
				CLANG_ANALYZER_NUMBER_OBJECT_CONVERSION = YES_AGGRESSIVE;
				CLANG_CXX_LANGUAGE_STANDARD = "gnu++14";
				CLANG_CXX_LIBRARY = "libc++";
				CLANG_ENABLE_MODULES = YES;
				CLANG_ENABLE_OBJC_ARC = YES;
				CLANG_ENABLE_OBJC_WEAK = YES;
				CLANG_WARN_BLOCK_CAPTURE_AUTORELEASING = YES;
				CLANG_WARN_BOOL_CONVERSION = YES;
				CLANG_WARN_COMMA = YES;
				CLANG_WARN_CONSTANT_CONVERSION = YES;
				CLANG_WARN_DEPRECATED_OBJC_IMPLEMENTATIONS = YES;
				CLANG_WARN_DIRECT_OBJC_ISA_USAGE = YES_ERROR;
				CLANG_WARN_DOCUMENTATION_COMMENTS = YES;
				CLANG_WARN_EMPTY_BODY = YES;
				CLANG_WARN_ENUM_CONVERSION = YES;
				CLANG_WARN_INFINITE_RECURSION = YES;
				CLANG_WARN_INT_CONVERSION = YES;
				CLANG_WARN_NON_LITERAL_NULL_CONVERSION = YES;
				CLANG_WARN_OBJC_IMPLICIT_RETAIN_SELF = YES;
				CLANG_WARN_OBJC_LITERAL_CONVERSION = YES;
				CLANG_WARN_OBJC_ROOT_CLASS = YES_ERROR;
				CLANG_WARN_QUOTED_INCLUDE_IN_FRAMEWORK_HEADER = YES;
				CLANG_WARN_RANGE_LOOP_ANALYSIS = YES;
				CLANG_WARN_STRICT_PROTOTYPES = YES;
				CLANG_WARN_SUSPICIOUS_MOVE = YES;
				CLANG_WARN_UNGUARDED_AVAILABILITY = YES_AGGRESSIVE;
				CLANG_WARN_UNREACHABLE_CODE = YES;
				CLANG_WARN__DUPLICATE_METHOD_MATCH = YES;
				COPY_PHASE_STRIP = NO;
				DEBUG_INFORMATION_FORMAT = "dwarf-with-dsym";
				ENABLE_NS_ASSERTIONS = NO;
				ENABLE_STRICT_OBJC_MSGSEND = YES;
				GCC_C_LANGUAGE_STANDARD = gnu11;
				GCC_NO_COMMON_BLOCKS = YES;
				GCC_WARN_64_TO_32_BIT_CONVERSION = YES;
				GCC_WARN_ABOUT_RETURN_TYPE = YES_ERROR;
				GCC_WARN_UNDECLARED_SELECTOR = YES;
				GCC_WARN_UNINITIALIZED_AUTOS = YES_AGGRESSIVE;
				GCC_WARN_UNUSED_FUNCTION = YES;
				GCC_WARN_UNUSED_VARIABLE = YES;
				IPHONEOS_DEPLOYMENT_TARGET = 14.2;
				MTL_ENABLE_DEBUG_INFO = NO;
				MTL_FAST_MATH = YES;
				SDKROOT = iphoneos;
				SWIFT_COMPILATION_MODE = wholemodule;
				SWIFT_OPTIMIZATION_LEVEL = "-O";
				VALIDATE_PRODUCT = YES;
			};
			name = Release;
		};
		57197BD6273EE2C30084F975 /* Debug */ = {
			isa = XCBuildConfiguration;
			baseConfigurationReference = CE54DB35B2E46EA7583F5893 /* Pods-InstaCloneFirebase.debug.xcconfig */;
			buildSettings = {
				ASSETCATALOG_COMPILER_APPICON_NAME = AppIcon;
				ASSETCATALOG_COMPILER_GLOBAL_ACCENT_COLOR_NAME = AccentColor;
				CODE_SIGN_STYLE = Automatic;
				INFOPLIST_FILE = InstaCloneFirebase/Info.plist;
				LD_RUNPATH_SEARCH_PATHS = (
					"$(inherited)",
					"@executable_path/Frameworks",
				);
				PRODUCT_BUNDLE_IDENTIFIER = mdidin.InstaCloneFirebase;
				PRODUCT_NAME = "$(TARGET_NAME)";
				SWIFT_VERSION = 5.0;
				TARGETED_DEVICE_FAMILY = "1,2";
			};
			name = Debug;
		};
		57197BD7273EE2C30084F975 /* Release */ = {
			isa = XCBuildConfiguration;
			baseConfigurationReference = CEBB2AED872E1F4644A2E8C6 /* Pods-InstaCloneFirebase.release.xcconfig */;
			buildSettings = {
				ASSETCATALOG_COMPILER_APPICON_NAME = AppIcon;
				ASSETCATALOG_COMPILER_GLOBAL_ACCENT_COLOR_NAME = AccentColor;
				CODE_SIGN_STYLE = Automatic;
				INFOPLIST_FILE = InstaCloneFirebase/Info.plist;
				LD_RUNPATH_SEARCH_PATHS = (
					"$(inherited)",
					"@executable_path/Frameworks",
				);
				PRODUCT_BUNDLE_IDENTIFIER = mdidin.InstaCloneFirebase;
				PRODUCT_NAME = "$(TARGET_NAME)";
				SWIFT_VERSION = 5.0;
				TARGETED_DEVICE_FAMILY = "1,2";
			};
			name = Release;
		};
/* End XCBuildConfiguration section */

/* Begin XCConfigurationList section */
		57197BBC273EE2C20084F975 /* Build configuration list for PBXProject "InstaCloneFirebase" */ = {
			isa = XCConfigurationList;
			buildConfigurations = (
				57197BD3273EE2C30084F975 /* Debug */,
				57197BD4273EE2C30084F975 /* Release */,
			);
			defaultConfigurationIsVisible = 0;
			defaultConfigurationName = Release;
		};
		57197BD5273EE2C30084F975 /* Build configuration list for PBXNativeTarget "InstaCloneFirebase" */ = {
			isa = XCConfigurationList;
			buildConfigurations = (
				57197BD6273EE2C30084F975 /* Debug */,
				57197BD7273EE2C30084F975 /* Release */,
			);
			defaultConfigurationIsVisible = 0;
			defaultConfigurationName = Release;
		};
/* End XCConfigurationList section */
	};
	rootObject = 57197BB9273EE2C20084F975 /* Project object */;
}
